version = 1
revision = 3
requires-python = ">=3.14"

[[package]]
name = "anyio"
version = "4.13.0"
source = { registry = "https://pypi.org/simple" }
dependencies = [
    { name = "idna" },
]
sdist = { url = "https://files.pythonhosted.org/packages/19/14/2c5dd9f512b66549ae92767a9c7b330ae88e1932ca57876909410251fe13/anyio-4.13.0.tar.gz", hash = "sha256:334b70e641fd2221c1505b3890c69882fe4a2df910cba14d97019b90b24439dc", size = 231622, upload-time = "2026-03-24T12:59:09.671Z" }
wheels = [
    { url = "https://files.pythonhosted.org/packages/da/42/e921fccf5015463e32a3cf6ee7f980a6ed0f395ceeaa45060b61d86486c2/anyio-4.13.0-py3-none-any.whl", hash = "sha256:08b310f9e24a9594186fd75b4f73f4a4152069e3853f1ed8bfbf58369f4ad708", size = 114353, upload-time = "2026-03-24T12:59:08.246Z" },
]

[[package]]
name = "certifi"
version = "2026.4.22"
source = { registry = "https://pypi.org/simple" }
sdist = { url = "https://files.pythonhosted.org/packages/25/ee/6caf7a40c36a1220410afe15a1cc64993a1f864871f698c0f93acb72842a/certifi-2026.4.22.tar.gz", hash = "sha256:8d455352a37b71bf76a79caa83a3d6c25afee4a385d632127b6afb3963f1c580", size = 137077, upload-time = "2026-04-22T11:26:11.191Z" }
wheels = [
    { url = "https://files.pythonhosted.org/packages/22/30/7cd8fdcdfbc5b869528b079bfb76dcdf6056b1a2097a662e5e8c04f42965/certifi-2026.4.22-py3-none-any.whl", hash = "sha256:3cb2210c8f88ba2318d29b0388d1023c8492ff72ecdde4ebdaddbb13a31b1c4a", size = 135707, upload-time = "2026-04-22T11:26:09.372Z" },
]

[[package]]
name = "click"
version = "8.3.3"
source = { registry = "https://pypi.org/simple" }
dependencies = [
    { name = "colorama", marker = "sys_platform == 'win32'" },
]
sdist = { url = "https://files.pythonhosted.org/packages/bb/63/f9e1ea081ce35720d8b92acde70daaedace594dc93b693c869e0d5910718/click-8.3.3.tar.gz", hash = "sha256:398329ad4837b2ff7cbe1dd166a4c0f8900c3ca3a218de04466f38f6497f18a2", size = 328061, upload-time = "2026-04-22T15:11:27.506Z" }
wheels = [
    { url = "https://files.pythonhosted.org/packages/ae/44/c1221527f6a71a01ec6fbad7fa78f1d50dfa02217385cf0fa3eec7087d59/click-8.3.3-py3-none-any.whl", hash = "sha256:a2bf429bb3033c89fa4936ffb35d5cb471e3719e1f3c8a7c3fff0b8314305613", size = 110502, upload-time = "2026-04-22T15:11:25.044Z" },
]

[[package]]
name = "colorama"
version = "0.4.6"
source = { registry = "https://pypi.org/simple" }
sdist = { url = "https://files.pythonhosted.org/packages/d8/53/6f443c9a4a8358a93a6792e2acffb9d9d5cb0a5cfd8802644b7b1c9a02e4/colorama-0.4.6.tar.gz", hash = "sha256:08695f5cb7ed6e0531a20572697297273c47b8cae5a63ffc6d6ed5c201be6e44", size = 27697, upload-time = "2022-10-25T02:36:22.414Z" }
wheels = [
    { url = "https://files.pythonhosted.org/packages/d1/d6/3965ed04c63042e047cb6a3e6ed1a63a35087b6a609aa3a15ed8ac56c221/colorama-0.4.6-py2.py3-none-any.whl", hash = "sha256:4f1d9991f5acc0ca119f9d443620b77f9d6b33703e51011c16baf57afb285fc6", size = 25335, upload-time = "2022-10-25T02:36:20.889Z" },
]

[[package]]
name = "cramjam"
version = "2.11.0"
source = { registry = "https://pypi.org/simple" }
sdist = { url = "https://files.pythonhosted.org/packages/14/12/34bf6e840a79130dfd0da7badfb6f7810b8fcfd60e75b0539372667b41b6/cramjam-2.11.0.tar.gz", hash = "sha256:5c82500ed91605c2d9781380b378397012e25127e89d64f460fea6aeac4389b4", size = 99100, upload-time = "2025-07-27T21:25:07.559Z" }
wheels = [
    { url = "https://files.pythonhosted.org/packages/de/07/a1051cdbbe6d723df16d756b97f09da7c1adb69e29695c58f0392bc12515/cramjam-2.11.0-cp314-cp314-macosx_10_12_x86_64.macosx_11_0_arm64.macosx_10_12_universal2.whl", hash = "sha256:7ba5e38c9fbd06f086f4a5a64a1a5b7b417cd3f8fc07a20e5c03651f72f36100", size = 3554141, upload-time = "2025-07-27T21:23:17.938Z" },
    { url = "https://files.pythonhosted.org/packages/74/66/58487d2e16ef3d04f51a7c7f0e69823e806744b4c21101e89da4873074bc/cramjam-2.11.0-cp314-cp314-macosx_10_12_x86_64.whl", hash = "sha256:b8adeee57b41fe08e4520698a4b0bd3cc76dbd81f99424b806d70a5256a391d3", size = 1860353, upload-time = "2025-07-27T21:23:19.593Z" },
    { url = "https://files.pythonhosted.org/packages/67/b4/67f6254d166ffbcc9d5fa1b56876eaa920c32ebc8e9d3d525b27296b693b/cramjam-2.11.0-cp314-cp314-macosx_11_0_arm64.whl", hash = "sha256:b96a74fa03a636c8a7d76f700d50e9a8bc17a516d6a72d28711225d641e30968", size = 1693832, upload-time = "2025-07-27T21:23:21.185Z" },
    { url = "https://files.pythonhosted.org/packages/55/a3/4e0b31c0d454ae70c04684ed7c13d3c67b4c31790c278c1e788cb804fa4a/cramjam-2.11.0-cp314-cp314-manylinux_2_12_i686.manylinux2010_i686.whl", hash = "sha256:c3811a56fa32e00b377ef79121c0193311fd7501f0fb378f254c7f083cc1fbe0", size = 2027080, upload-time = "2025-07-27T21:23:23.303Z" },
    { url = "https://files.pythonhosted.org/packages/d9/c7/5e8eed361d1d3b8be14f38a54852c5370cc0ceb2c2d543b8ba590c34f080/cramjam-2.11.0-cp314-cp314-manylinux_2_17_aarch64.manylinux2014_aarch64.whl", hash = "sha256:c5d927e87461f8a0d448e4ab5eb2bca9f31ca5d8ea86d70c6f470bb5bc666d7e", size = 1761543, upload-time = "2025-07-27T21:23:24.991Z" },
    { url = "https://files.pythonhosted.org/packages/09/0c/06b7f8b0ce9fde89470505116a01fc0b6cb92d406c4fb1e46f168b5d3fa5/cramjam-2.11.0-cp314-cp314-manylinux_2_17_armv7l.manylinux2014_armv7l.whl", hash = "sha256:f1f5c450121430fd89cb5767e0a9728ecc65997768fd4027d069cb0368af62f9", size = 1854636, upload-time = "2025-07-27T21:23:26.987Z" },
    { url = "https://files.pythonhosted.org/packages/6f/c6/6ebc02c9d5acdf4e5f2b1ec6e1252bd5feee25762246798ae823b3347457/cramjam-2.11.0-cp314-cp314-manylinux_2_17_ppc64le.manylinux2014_ppc64le.whl", hash = "sha256:724aa7490be50235d97f07e2ca10067927c5d7f336b786ddbc868470e822aa25", size = 2032715, upload-time = "2025-07-27T21:23:28.603Z" },
    { url = "https://files.pythonhosted.org/packages/a2/77/a122971c23f5ca4b53e4322c647ac7554626c95978f92d19419315dddd05/cramjam-2.11.0-cp314-cp314-manylinux_2_17_s390x.manylinux2014_s390x.whl", hash = "sha256:54c4637122e7cfd7aac5c1d3d4c02364f446d6923ea34cf9d0e8816d6e7a4936", size = 2069039, upload-time = "2025-07-27T21:23:30.319Z" },
    { url = "https://files.pythonhosted.org/packages/19/0f/f6121b90b86b9093c066889274d26a1de3f29969d45c2ed1ecbe2033cb78/cramjam-2.11.0-cp314-cp314-manylinux_2_17_x86_64.manylinux2014_x86_64.whl", hash = "sha256:17eb39b1696179fb471eea2de958fa21f40a2cd8bf6b40d428312d5541e19dc4", size = 1979566, upload-time = "2025-07-27T21:23:32.002Z" },
    { url = "https://files.pythonhosted.org/packages/e0/a3/f95bc57fd7f4166ce6da816cfa917fb7df4bb80e669eb459d85586498414/cramjam-2.11.0-cp314-cp314-musllinux_1_1_aarch64.whl", hash = "sha256:36aa5a798aa34e11813a80425a30d8e052d8de4a28f27bfc0368cfc454d1b403", size = 2030905, upload-time = "2025-07-27T21:23:33.696Z" },
    { url = "https://files.pythonhosted.org/packages/fc/52/e429de4e8bc86ee65e090dae0f87f45abd271742c63fb2d03c522ffde28a/cramjam-2.11.0-cp314-cp314-musllinux_1_1_armv7l.whl", hash = "sha256:449fca52774dc0199545fbf11f5128933e5a6833946707885cf7be8018017839", size = 2155592, upload-time = "2025-07-27T21:23:35.375Z" },
    { url = "https://files.pythonhosted.org/packages/6c/6c/65a7a0207787ad39ad804af4da7f06a60149de19481d73d270b540657234/cramjam-2.11.0-cp314-cp314-musllinux_1_1_i686.whl", hash = "sha256:d87d37b3d476f4f7623c56a232045d25bd9b988314702ea01bd9b4a94948a778", size = 2170839, upload-time = "2025-07-27T21:23:37.197Z" },
    { url = "https://files.pythonhosted.org/packages/b2/c5/5c5db505ba692bc844246b066e23901d5905a32baf2f33719c620e65887f/cramjam-2.11.0-cp314-cp314-musllinux_1_1_x86_64.whl", hash = "sha256:26cb45c47d71982d76282e303931c6dd4baee1753e5d48f9a89b3a63e690b3a3", size = 2157236, upload-time = "2025-07-27T21:23:38.854Z" },
    { url = "https://files.pythonhosted.org/packages/b0/22/88e6693e60afe98901e5bbe91b8dea193e3aa7f42e2770f9c3339f5c1065/cramjam-2.11.0-cp314-cp314-win32.whl", hash = "sha256:4efe919d443c2fd112fe25fe636a52f9628250c9a50d9bddb0488d8a6c09acc6", size = 1604136, upload-time = "2025-07-27T21:23:40.56Z" },
    { url = "https://files.pythonhosted.org/packages/cc/f8/01618801cd59ccedcc99f0f96d20be67d8cfc3497da9ccaaad6b481781dd/cramjam-2.11.0-cp314-cp314-win_amd64.whl", hash = "sha256:ccec3524ea41b9abd5600e3e27001fd774199dbb4f7b9cb248fcee37d4bda84c", size = 1710272, upload-time = "2025-07-27T21:23:42.236Z" },
    { url = "https://files.pythonhosted.org/packages/40/81/6cdb3ed222d13ae86bda77aafe8d50566e81a1169d49ed195b6263610704/cramjam-2.11.0-cp314-cp314t-macosx_10_12_x86_64.macosx_11_0_arm64.macosx_10_12_universal2.whl", hash = "sha256:966ac9358b23d21ecd895c418c048e806fd254e46d09b1ff0cdad2eba195ea3e", size = 3559671, upload-time = "2025-07-27T21:23:44.504Z" },
    { url = "https://files.pythonhosted.org/packages/cb/43/52b7e54fe5ba1ef0270d9fdc43dabd7971f70ea2d7179be918c997820247/cramjam-2.11.0-cp314-cp314t-macosx_10_12_x86_64.whl", hash = "sha256:387f09d647a0d38dcb4539f8a14281f8eb6bb1d3e023471eb18a5974b2121c86", size = 1867876, upload-time = "2025-07-27T21:23:46.987Z" },
    { url = "https://files.pythonhosted.org/packages/9d/28/30d5b8d10acd30db3193bc562a313bff722888eaa45cfe32aa09389f2b24/cramjam-2.11.0-cp314-cp314t-macosx_11_0_arm64.whl", hash = "sha256:665b0d8fbbb1a7f300265b43926457ec78385200133e41fef19d85790fc1e800", size = 1695562, upload-time = "2025-07-27T21:23:48.644Z" },
    { url = "https://files.pythonhosted.org/packages/d9/86/ec806f986e01b896a650655024ea52a13e25c3ac8a3a382f493089483cdc/cramjam-2.11.0-cp314-cp314t-manylinux_2_12_i686.manylinux2010_i686.whl", hash = "sha256:ca905387c7a371531b9622d93471be4d745ef715f2890c3702479cd4fc85aa51", size = 2025056, upload-time = "2025-07-27T21:23:50.404Z" },
    { url = "https://files.pythonhosted.org/packages/09/43/c2c17586b90848d29d63181f7d14b8bd3a7d00975ad46e3edf2af8af7e1f/cramjam-2.11.0-cp314-cp314t-manylinux_2_17_aarch64.manylinux2014_aarch64.whl", hash = "sha256:3c1aa56aef2c8af55a21ed39040a94a12b53fb23beea290f94d19a76027e2ffb", size = 1764084, upload-time = "2025-07-27T21:23:52.265Z" },
    { url = "https://files.pythonhosted.org/packages/2b/a9/68bc334fadb434a61df10071dc8606702aa4f5b6cdb2df62474fc21d2845/cramjam-2.11.0-cp314-cp314t-manylinux_2_17_armv7l.manylinux2014_armv7l.whl", hash = "sha256:e5db59c1cdfaa2ab85cc988e602d6919495f735ca8a5fd7603608eb1e23c26d5", size = 1854859, upload-time = "2025-07-27T21:23:54.085Z" },
    { url = "https://files.pythonhosted.org/packages/5b/4e/b48e67835b5811ec5e9cb2e2bcba9c3fd76dab3e732569fe801b542c6ca9/cramjam-2.11.0-cp314-cp314t-manylinux_2_17_ppc64le.manylinux2014_ppc64le.whl", hash = "sha256:b1f893014f00fe5e89a660a032e813bf9f6d91de74cd1490cdb13b2b59d0c9a3", size = 2035970, upload-time = "2025-07-27T21:23:55.758Z" },
    { url = "https://files.pythonhosted.org/packages/c4/70/d2ac33d572b4d90f7f0f2c8a1d60fb48f06b128fdc2c05f9b49891bb0279/cramjam-2.11.0-cp314-cp314t-manylinux_2_17_s390x.manylinux2014_s390x.whl", hash = "sha256:c26a1eb487947010f5de24943bd7c422dad955b2b0f8650762539778c380ca89", size = 2069320, upload-time = "2025-07-27T21:23:57.494Z" },
    { url = "https://files.pythonhosted.org/packages/1d/4c/85cec77af4a74308ba5fca8e296c4e2f80ec465c537afc7ab1e0ca2f9a00/cramjam-2.11.0-cp314-cp314t-manylinux_2_17_x86_64.manylinux2014_x86_64.whl", hash = "sha256:7d5c8bfb438d94e7b892d1426da5fc4b4a5370cc360df9b8d9d77c33b896c37e", size = 1982668, upload-time = "2025-07-27T21:23:59.126Z" },
    { url = "https://files.pythonhosted.org/packages/55/45/938546d1629e008cc3138df7c424ef892719b1796ff408a2ab8550032e5e/cramjam-2.11.0-cp314-cp314t-musllinux_1_1_aarch64.whl", hash = "sha256:cb1fb8c9337ab0da25a01c05d69a0463209c347f16512ac43be5986f3d1ebaf4", size = 2034028, upload-time = "2025-07-27T21:24:00.865Z" },
    { url = "https://files.pythonhosted.org/packages/01/76/b5a53e20505555f1640e66dcf70394bcf51a1a3a072aa18ea35135a0f9ed/cramjam-2.11.0-cp314-cp314t-musllinux_1_1_armv7l.whl", hash = "sha256:1f6449f6de52dde3e2f1038284910c8765a397a25e2d05083870f3f5e7fc682c", size = 2155513, upload-time = "2025-07-27T21:24:02.92Z" },
    { url = "https://files.pythonhosted.org/packages/84/12/8d3f6ceefae81bbe45a347fdfa2219d9f3ac75ebc304f92cd5fcb4fbddc5/cramjam-2.11.0-cp314-cp314t-musllinux_1_1_i686.whl", hash = "sha256:382dec4f996be48ed9c6958d4e30c2b89435d7c2c4dbf32480b3b8886293dd65", size = 2170035, upload-time = "2025-07-27T21:24:04.558Z" },
    { url = "https://files.pythonhosted.org/packages/4b/85/3be6f0a1398f976070672be64f61895f8839857618a2d8cc0d3ab529d3dc/cramjam-2.11.0-cp314-cp314t-musllinux_1_1_x86_64.whl", hash = "sha256:d388bd5723732c3afe1dd1d181e4213cc4e1be210b080572e7d5749f6e955656", size = 2160229, upload-time = "2025-07-27T21:24:06.729Z" },
    { url = "https://files.pythonhosted.org/packages/57/5e/66cfc3635511b20014bbb3f2ecf0095efb3049e9e96a4a9e478e4f3d7b78/cramjam-2.11.0-cp314-cp314t-win32.whl", hash = "sha256:0a70ff17f8e1d13f322df616505550f0f4c39eda62290acb56f069d4857037c8", size = 1610267, upload-time = "2025-07-27T21:24:08.428Z" },
    { url = "https://files.pythonhosted.org/packages/ce/c6/c71e82e041c95ffe6a92ac707785500aa2a515a4339c2c7dd67e3c449249/cramjam-2.11.0-cp314-cp314t-win_amd64.whl", hash = "sha256:028400d699442d40dbda02f74158c73d05cb76587a12490d0bfedd958fd49188", size = 1713108, upload-time = "2025-07-27T21:24:10.147Z" },
]

[[package]]
name = "h11"
version = "0.16.0"
source = { registry = "https://pypi.org/simple" }
sdist = { url = "https://files.pythonhosted.org/packages/01/ee/02a2c011bdab74c6fb3c75474d40b3052059d95df7e73351460c8588d963/h11-0.16.0.tar.gz", hash = "sha256:4e35b956cf45792e4caa5885e69fba00bdbc6ffafbfa020300e549b208ee5ff1", size = 101250, upload-time = "2025-04-24T03:35:25.427Z" }
wheels = [
    { url = "https://files.pythonhosted.org/packages/04/4b/29cac41a4d98d144bf5f6d33995617b185d14b22401f75ca86f384e87ff1/h11-0.16.0-py3-none-any.whl", hash = "sha256:63cf8bbe7522de3bf65932fda1d9c2772064ffb3dae62d55932da54b31cb6c86", size = 37515, upload-time = "2025-04-24T03:35:24.344Z" },
]

[[package]]
name = "httpcore"
version = "1.0.9"
source = { registry = "https://pypi.org/simple" }
dependencies = [
    { name = "certifi" },
    { name = "h11" },
]
sdist = { url = "https://files.pythonhosted.org/packages/06/94/82699a10bca87a5556c9c59b5963f2d039dbd239f25bc2a63907a05a14cb/httpcore-1.0.9.tar.gz", hash = "sha256:6e34463af53fd2ab5d807f399a9b45ea31c3dfa2276f15a2c3f00afff6e176e8", size = 85484, upload-time = "2025-04-24T22:06:22.219Z" }
wheels = [
    { url = "https://files.pythonhosted.org/packages/7e/f5/f66802a942d491edb555dd61e3a9961140fd64c90bce1eafd741609d334d/httpcore-1.0.9-py3-none-any.whl", hash = "sha256:2d400746a40668fc9dec9810239072b40b4484b640a8c38fd654a024c7a1bf55", size = 78784, upload-time = "2025-04-24T22:06:20.566Z" },
]

[[package]]
name = "httpx"
version = "0.28.1"
source = { registry = "https://pypi.org/simple" }
dependencies = [
    { name = "anyio" },
    { name = "certifi" },
    { name = "httpcore" },
    { name = "idna" },
]
sdist = { url = "https://files.pythonhosted.org/packages/b1/df/48c586a5fe32a0f01324ee087459e112ebb7224f646c0b5023f5e79e9956/httpx-0.28.1.tar.gz", hash = "sha256:75e98c5f16b0f35b567856f597f06ff2270a374470a5c2392242528e3e3e42fc", size = 141406, upload-time = "2024-12-06T15:37:23.222Z" }
wheels = [
    { url = "https://files.pythonhosted.org/packages/2a/39/e50c7c3a983047577ee07d2a9e53faf5a69493943ec3f6a384bdc792deb2/httpx-0.28.1-py3-none-any.whl", hash = "sha256:d909fcccc110f8c7faf814ca82a9a4d816bc5a6dbfea25d6591d6985b8ba59ad", size = 73517, upload-time = "2024-12-06T15:37:21.509Z" },
]

[[package]]
name = "idna"
version = "3.13"
source = { registry = "https://pypi.org/simple" }
sdist = { url = "https://files.pythonhosted.org/packages/ce/cc/762dfb036166873f0059f3b7de4565e1b5bc3d6f28a414c13da27e442f99/idna-3.13.tar.gz", hash = "sha256:585ea8fe5d69b9181ec1afba340451fba6ba764af97026f92a91d4eef164a242", size = 194210, upload-time = "2026-04-22T16:42:42.314Z" }
wheels = [
    { url = "https://files.pythonhosted.org/packages/5d/13/ad7d7ca3808a898b4612b6fe93cde56b53f3034dcde235acb1f0e1df24c6/idna-3.13-py3-none-any.whl", hash = "sha256:892ea0cde124a99ce773decba204c5552b69c3c67ffd5f232eb7696135bc8bb3", size = 68629, upload-time = "2026-04-22T16:42:40.909Z" },
]

[[package]]
name = "iniconfig"
version = "2.3.0"
source = { registry = "https://pypi.org/simple" }
sdist = { url = "https://files.pythonhosted.org/packages/72/34/14ca021ce8e5dfedc35312d08ba8bf51fdd999c576889fc2c24cb97f4f10/iniconfig-2.3.0.tar.gz", hash = "sha256:c76315c77db068650d49c5b56314774a7804df16fee4402c1f19d6d15d8c4730", size = 20503, upload-time = "2025-10-18T21:55:43.219Z" }
wheels = [
    { url = "https://files.pythonhosted.org/packages/cb/b1/3846dd7f199d53cb17f49cba7e651e9ce294d8497c8c150530ed11865bb8/iniconfig-2.3.0-py3-none-any.whl", hash = "sha256:f631c04d2c48c52b84d0d0549c99ff3859c98df65b3101406327ecc7d53fbf12", size = 7484, upload-time = "2025-10-18T21:55:41.639Z" },
]

[[package]]
name = "packaging"
version = "26.2"
source = { registry = "https://pypi.org/simple" }
sdist = { url = "https://files.pythonhosted.org/packages/d7/f1/e7a6dd94a8d4a5626c03e4e99c87f241ba9e350cd9e6d75123f992427270/packaging-26.2.tar.gz", hash = "sha256:ff452ff5a3e828ce110190feff1178bb1f2ea2281fa2075aadb987c2fb221661", size = 228134, upload-time = "2026-04-24T20:15:23.917Z" }
wheels = [
    { url = "https://files.pythonhosted.org/packages/df/b2/87e62e8c3e2f4b32e5fe99e0b86d576da1312593b39f47d8ceef365e95ed/packaging-26.2-py3-none-any.whl", hash = "sha256:5fc45236b9446107ff2415ce77c807cee2862cb6fac22b8a73826d0693b0980e", size = 100195, upload-time = "2026-04-24T20:15:22.081Z" },
]

[[package]]
name = "pluggy"
version = "1.6.0"
source = { registry = "https://pypi.org/simple" }
sdist = { url = "https://files.pythonhosted.org/packages/f9/e2/3e91f31a7d2b083fe6ef3fa267035b518369d9511ffab804f839851d2779/pluggy-1.6.0.tar.gz", hash = "sha256:7dcc130b76258d33b90f61b658791dede3486c3e6bfb003ee5c9bfb396dd22f3", size = 69412, upload-time = "2025-05-15T12:30:07.975Z" }
wheels = [
    { url = "https://files.pythonhosted.org/packages/54/20/4d324d65cc6d9205fabedc306948156824eb9f0ee1633355a8f7ec5c66bf/pluggy-1.6.0-py3-none-any.whl", hash = "sha256:e920276dd6813095e9377c0bc5566d94c932c33b27a3e3945d8389c374dd4746", size = 20538, upload-time = "2025-05-15T12:30:06.134Z" },
]

[[package]]
name = "promcheck"
version = "0.1.0"
source = { editable = "." }
dependencies = [
    { name = "click" },
    { name = "httpx" },
    { name = "python-snappy" },
]

[package.dev-dependencies]
dev = [
    { name = "pytest" },
]

[package.metadata]
requires-dist = [
    { name = "click", specifier = ">=8.3" },
    { name = "httpx", specifier = ">=0.28" },
    { name = "python-snappy", specifier = ">=0.7" },
]

[package.metadata.requires-dev]
dev = [{ name = "pytest", specifier = ">=9" }]

[[package]]
name = "pygments"
version = "2.20.0"
source = { registry = "https://pypi.org/simple" }
sdist = { url = "https://files.pythonhosted.org/packages/c3/b2/bc9c9196916376152d655522fdcebac55e66de6603a76a02bca1b6414f6c/pygments-2.20.0.tar.gz", hash = "sha256:6757cd03768053ff99f3039c1a36d6c0aa0b263438fcab17520b30a303a82b5f", size = 4955991, upload-time = "2026-03-29T13:29:33.898Z" }
wheels = [
    { url = "https://files.pythonhosted.org/packages/f4/7e/a72dd26f3b0f4f2bf1dd8923c85f7ceb43172af56d63c7383eb62b332364/pygments-2.20.0-py3-none-any.whl", hash = "sha256:81a9e26dd42fd28a23a2d169d86d7ac03b46e2f8b59ed4698fb4785f946d0176", size = 1231151, upload-time = "2026-03-29T13:29:30.038Z" },
]

[[package]]
name = "pytest"
version = "9.0.3"
source = { registry = "https://pypi.org/simple" }
dependencies = [
    { name = "colorama", marker = "sys_platform == 'win32'" },
    { name = "iniconfig" },
    { name = "packaging" },
    { name = "pluggy" },
    { name = "pygments" },
]
sdist = { url = "https://files.pythonhosted.org/packages/7d/0d/549bd94f1a0a402dc8cf64563a117c0f3765662e2e668477624baeec44d5/pytest-9.0.3.tar.gz", hash = "sha256:b86ada508af81d19edeb213c681b1d48246c1a91d304c6c81a427674c17eb91c", size = 1572165, upload-time = "2026-04-07T17:16:18.027Z" }
wheels = [
    { url = "https://files.pythonhosted.org/packages/d4/24/a372aaf5c9b7208e7112038812994107bc65a84cd00e0354a88c2c77a617/pytest-9.0.3-py3-none-any.whl", hash = "sha256:2c5efc453d45394fdd706ade797c0a81091eccd1d6e4bccfcd476e2b8e0ab5d9", size = 375249, upload-time = "2026-04-07T17:16:16.13Z" },
]

[[package]]
name = "python-snappy"
version = "0.7.3"
source = { registry = "https://pypi.org/simple" }
dependencies = [
    { name = "cramjam" },
]
sdist = { url = "https://files.pythonhosted.org/packages/39/66/9185fbb6605ba92716d9f77fbb13c97eb671cd13c3ad56bd154016fbf08b/python_snappy-0.7.3.tar.gz", hash = "sha256:40216c1badfb2d38ac781ecb162a1d0ec40f8ee9747e610bcfefdfa79486cee3", size = 9337, upload-time = "2024-08-29T13:16:05.705Z" }
wheels = [
    { url = "https://files.pythonhosted.org/packages/86/c1/0ee413ddd639aebf22c85d6db39f136ccc10e6a4b4dd275a92b5c839de8d/python_snappy-0.7.3-py3-none-any.whl", hash = "sha256:074c0636cfcd97e7251330f428064050ac81a52c62ed884fc2ddebbb60ed7f50", size = 9155, upload-time = "2024-08-29T13:16:04.773Z" },
]
